
Microsoft Visual Studio Solution File, Format Version 12.00
# Visual Studio Version 17
VisualStudioVersion = 17.0.31903.59
MinimumVisualStudioVersion = 10.0.40219.1
Project("{9A19103F-16F7-4668-BE54-9A1E7A4F7556}") = "WebApi", "WebApi\WebApi.csproj", "{0D1446CF-9864-4C52-93DF-0988E9594F06}"
EndProject
Project("{FAE04EC0-301F-11D3-BF4B-00C04F79EFBC}") = "Entities", "Entities\Entities.csproj", "{B84D2E98-6630-4CDF-BEB5-C0D57271962D}"
EndProject
Project("{FAE04EC0-301F-11D3-BF4B-00C04F79EFBC}") = "Repositories", "Repositories\Repositories.csproj", "{EBC844B9-6D2B-42E8-9719-169E416261BC}"
EndProject
Project("{FAE04EC0-301F-11D3-BF4B-00C04F79EFBC}") = "Services", "Services\Services.csproj", "{8C66AAA5-DBDC-4462-997C-77FB39DDA63D}"
EndProject
Project("{FAE04EC0-301F-11D3-BF4B-00C04F79EFBC}") = "Presentation", "Presentation\Presentation.csproj", "{3FB0BC48-CF52-4B7D-9B87-11B4010D7A4D}"
EndProject
Global
	GlobalSection(SolutionConfigurationPlatforms) = preSolution
		Debug|Any CPU = Debug|Any CPU
		Release|Any CPU = Release|Any CPU
	EndGlobalSection
	GlobalSection(ProjectConfigurationPlatforms) = postSolution
		{0D1446CF-9864-4C52-93DF-0988E9594F06}.Debug|Any CPU.ActiveCfg = Debug|Any CPU
		{0D1446CF-9864-4C52-93DF-0988E9594F06}.Debug|Any CPU.Build.0 = Debug|Any CPU
		{0D1446CF-9864-4C52-93DF-0988E9594F06}.Release|Any CPU.ActiveCfg = Release|Any CPU
		{0D1446CF-9864-4C52-93DF-0988E9594F06}.Release|Any CPU.Build.0 = Release|Any CPU
		{B84D2E98-6630-4CDF-BEB5-C0D57271962D}.Debug|Any CPU.ActiveCfg = Debug|Any CPU
		{B84D2E98-6630-4CDF-BEB5-C0D57271962D}.Debug|Any CPU.Build.0 = Debug|Any CPU
		{B84D2E98-6630-4CDF-BEB5-C0D57271962D}.Release|Any CPU.ActiveCfg = Release|Any CPU
		{B84D2E98-6630-4CDF-BEB5-C0D57271962D}.Release|Any CPU.Build.0 = Release|Any CPU
		{EBC844B9-6D2B-42E8-9719-169E416261BC}.Debug|Any CPU.ActiveCfg = Debug|Any CPU
		{EBC844B9-6D2B-42E8-9719-169E416261BC}.Debug|Any CPU.Build.0 = Debug|Any CPU
		{EBC844B9-6D2B-42E8-9719-169E416261BC}.Release|Any CPU.ActiveCfg = Release|Any CPU
		{EBC844B9-6D2B-42E8-9719-169E416261BC}.Release|Any CPU.Build.0 = Release|Any CPU
		{8C66AAA5-DBDC-4462-997C-77FB39DDA63D}.Debug|Any CPU.ActiveCfg = Debug|Any CPU
		{8C66AAA5-DBDC-4462-997C-77FB39DDA63D}.Debug|Any CPU.Build.0 = Debug|Any CPU
		{8C66AAA5-DBDC-4462-997C-77FB39DDA63D}.Release|Any CPU.ActiveCfg = Release|Any CPU
		{8C66AAA5-DBDC-4462-997C-77FB39DDA63D}.Release|Any CPU.Build.0 = Release|Any CPU
		{3FB0BC48-CF52-4B7D-9B87-11B4010D7A4D}.Debug|Any CPU.ActiveCfg = Debug|Any CPU
		{3FB0BC48-CF52-4B7D-9B87-11B4010D7A4D}.Debug|Any CPU.Build.0 = Debug|Any CPU
		{3FB0BC48-CF52-4B7D-9B87-11B4010D7A4D}.Release|Any CPU.ActiveCfg = Release|Any CPU
		{3FB0BC48-CF52-4B7D-9B87-11B4010D7A4D}.Release|Any CPU.Build.0 = Release|Any CPU
	EndGlobalSection
	GlobalSection(SolutionProperties) = preSolution
		HideSolutionNode = FALSE
	EndGlobalSection
	GlobalSection(ExtensibilityGlobals) = postSolution
		SolutionGuid = {CD1E91C2-97FF-414F-92DA-BA9DE444E3DC}
	EndGlobalSection
EndGlobal
